// !$*UTF8*$!
{
	archiveVersion = 1;
	classes = {
	};
	objectVersion = 56;
	objects = {

/* Begin PBXBuildFile section */
		F2453A542C609A1300DC0F7E /* AppDelegate.m in Sources */ = {isa = PBXBuildFile; fileRef = F2453A532C609A1300DC0F7E /* AppDelegate.m */; };
		F2453A572C609A1300DC0F7E /* SceneDelegate.m in Sources */ = {isa = PBXBuildFile; fileRef = F2453A562C609A1300DC0F7E /* SceneDelegate.m */; };
		F2453A5A2C609A1300DC0F7E /* ViewController.m in Sources */ = {isa = PBXBuildFile; fileRef = F2453A592C609A1300DC0F7E /* ViewController.m */; };
		F2453A5D2C609A1300DC0F7E /* Main.storyboard in Resources */ = {isa = PBXBuildFile; fileRef = F2453A5B2C609A1300DC0F7E /* Main.storyboard */; };
		F2453A5F2C609A1400DC0F7E /* Assets.xcassets in Resources */ = {isa = PBXBuildFile; fileRef = F2453A5E2C609A1400DC0F7E /* Assets.xcassets */; };
		F2453A622C609A1400DC0F7E /* LaunchScreen.storyboard in Resources */ = {isa = PBXBuildFile; fileRef = F2453A602C609A1400DC0F7E /* LaunchScreen.storyboard */; };
		F2453A652C609A1400DC0F7E /* main.m in Sources */ = {isa = PBXBuildFile; fileRef = F2453A642C609A1400DC0F7E /* main.m */; };
		F2453A6F2C609A1400DC0F7E /* ZiggearRNReproducerTests.m in Sources */ = {isa = PBXBuildFile; fileRef = F2453A6E2C609A1400DC0F7E /* ZiggearRNReproducerTests.m */; };
		F2453A792C609A1400DC0F7E /* ZiggearRNReproducerUITests.m in Sources */ = {isa = PBXBuildFile; fileRef = F2453A782C609A1400DC0F7E /* ZiggearRNReproducerUITests.m */; };
		F2453A7B2C609A1400DC0F7E /* ZiggearRNReproducerUITestsLaunchTests.m in Sources */ = {isa = PBXBuildFile; fileRef = F2453A7A2C609A1400DC0F7E /* ZiggearRNReproducerUITestsLaunchTests.m */; };
/* End PBXBuildFile section */

/* Begin PBXContainerItemProxy section */
		F2453A6B2C609A1400DC0F7E /* PBXContainerItemProxy */ = {
			isa = PBXContainerItemProxy;
			containerPortal = F2453A472C609A1300DC0F7E /* Project object */;
			proxyType = 1;
			remoteGlobalIDString = F2453A4E2C609A1300DC0F7E;
			remoteInfo = ZiggearRNReproducer;
		};
		F2453A752C609A1400DC0F7E /* PBXContainerItemProxy */ = {
			isa = PBXContainerItemProxy;
			containerPortal = F2453A472C609A1300DC0F7E /* Project object */;
			proxyType = 1;
			remoteGlobalIDString = F2453A4E2C609A1300DC0F7E;
			remoteInfo = ZiggearRNReproducer;
		};
/* End PBXContainerItemProxy section */

/* Begin PBXFileReference section */
		F2453A4F2C609A1300DC0F7E /* ZiggearRNReproducer.app */ = {isa = PBXFileReference; explicitFileType = wrapper.application; includeInIndex = 0; path = ZiggearRNReproducer.app; sourceTree = BUILT_PRODUCTS_DIR; };
		F2453A522C609A1300DC0F7E /* AppDelegate.h */ = {isa = PBXFileReference; lastKnownFileType = sourcecode.c.h; path = AppDelegate.h; sourceTree = "<group>"; };
		F2453A532C609A1300DC0F7E /* AppDelegate.m */ = {isa = PBXFileReference; lastKnownFileType = sourcecode.c.objc; path = AppDelegate.m; sourceTree = "<group>"; };
		F2453A552C609A1300DC0F7E /* SceneDelegate.h */ = {isa = PBXFileReference; lastKnownFileType = sourcecode.c.h; path = SceneDelegate.h; sourceTree = "<group>"; };
		F2453A562C609A1300DC0F7E /* SceneDelegate.m */ = {isa = PBXFileReference; lastKnownFileType = sourcecode.c.objc; path = SceneDelegate.m; sourceTree = "<group>"; };
		F2453A582C609A1300DC0F7E /* ViewController.h */ = {isa = PBXFileReference; lastKnownFileType = sourcecode.c.h; path = ViewController.h; sourceTree = "<group>"; };
		F2453A592C609A1300DC0F7E /* ViewController.m */ = {isa = PBXFileReference; lastKnownFileType = sourcecode.c.objc; path = ViewController.m; sourceTree = "<group>"; };
		F2453A5C2C609A1300DC0F7E /* Base */ = {isa = PBXFileReference; lastKnownFileType = file.storyboard; name = Base; path = Base.lproj/Main.storyboard; sourceTree = "<group>"; };
		F2453A5E2C609A1400DC0F7E /* Assets.xcassets */ = {isa = PBXFileReference; lastKnownFileType = folder.assetcatalog; path = Assets.xcassets; sourceTree = "<group>"; };
		F2453A612C609A1400DC0F7E /* Base */ = {isa = PBXFileReference; lastKnownFileType = file.storyboard; name = Base; path = Base.lproj/LaunchScreen.storyboard; sourceTree = "<group>"; };
		F2453A632C609A1400DC0F7E /* Info.plist */ = {isa = PBXFileReference; lastKnownFileType = text.plist.xml; path = Info.plist; sourceTree = "<group>"; };
		F2453A642C609A1400DC0F7E /* main.m */ = {isa = PBXFileReference; lastKnownFileType = sourcecode.c.objc; path = main.m; sourceTree = "<group>"; };
		F2453A6A2C609A1400DC0F7E /* ZiggearRNReproducerTests.xctest */ = {isa = PBXFileReference; explicitFileType = wrapper.cfbundle; includeInIndex = 0; path = ZiggearRNReproducerTests.xctest; sourceTree = BUILT_PRODUCTS_DIR; };
		F2453A6E2C609A1400DC0F7E /* ZiggearRNReproducerTests.m */ = {isa = PBXFileReference; lastKnownFileType = sourcecode.c.objc; path = ZiggearRNReproducerTests.m; sourceTree = "<group>"; };
		F2453A742C609A1400DC0F7E /* ZiggearRNReproducerUITests.xctest */ = {isa = PBXFileReference; explicitFileType = wrapper.cfbundle; includeInIndex = 0; path = ZiggearRNReproducerUITests.xctest; sourceTree = BUILT_PRODUCTS_DIR; };
		F2453A782C609A1400DC0F7E /* ZiggearRNReproducerUITests.m */ = {isa = PBXFileReference; lastKnownFileType = sourcecode.c.objc; path = ZiggearRNReproducerUITests.m; sourceTree = "<group>"; };
		F2453A7A2C609A1400DC0F7E /* ZiggearRNReproducerUITestsLaunchTests.m */ = {isa = PBXFileReference; lastKnownFileType = sourcecode.c.objc; path = ZiggearRNReproducerUITestsLaunchTests.m; sourceTree = "<group>"; };
/* End PBXFileReference section */

/* Begin PBXFrameworksBuildPhase section */
		F2453A4C2C609A1300DC0F7E /* Frameworks */ = {
			isa = PBXFrameworksBuildPhase;
			buildActionMask = 2147483647;
			files = (
			);
			runOnlyForDeploymentPostprocessing = 0;
		};
		F2453A672C609A1400DC0F7E /* Frameworks */ = {
			isa = PBXFrameworksBuildPhase;
			buildActionMask = 2147483647;
			files = (
			);
			runOnlyForDeploymentPostprocessing = 0;
		};
		F2453A712C609A1400DC0F7E /* Frameworks */ = {
			isa = PBXFrameworksBuildPhase;
			buildActionMask = 2147483647;
			files = (
			);
			runOnlyForDeploymentPostprocessing = 0;
		};
/* End PBXFrameworksBuildPhase section */

/* Begin PBXGroup section */
		F2453A462C609A1300DC0F7E = {
			isa = PBXGroup;
			children = (
				F2453A512C609A1300DC0F7E /* ZiggearRNReproducer */,
				F2453A6D2C609A1400DC0F7E /* ZiggearRNReproducerTests */,
				F2453A772C609A1400DC0F7E /* ZiggearRNReproducerUITests */,
				F2453A502C609A1300DC0F7E /* Products */,
			);
			sourceTree = "<group>";
		};
		F2453A502C609A1300DC0F7E /* Products */ = {
			isa = PBXGroup;
			children = (
				F2453A4F2C609A1300DC0F7E /* ZiggearRNReproducer.app */,
				F2453A6A2C609A1400DC0F7E /* ZiggearRNReproducerTests.xctest */,
				F2453A742C609A1400DC0F7E /* ZiggearRNReproducerUITests.xctest */,
			);
			name = Products;
			sourceTree = "<group>";
		};
		F2453A512C609A1300DC0F7E /* ZiggearRNReproducer */ = {
			isa = PBXGroup;
			children = (
				F2453A522C609A1300DC0F7E /* AppDelegate.h */,
				F2453A532C609A1300DC0F7E /* AppDelegate.m */,
				F2453A552C609A1300DC0F7E /* SceneDelegate.h */,
				F2453A562C609A1300DC0F7E /* SceneDelegate.m */,
				F2453A582C609A1300DC0F7E /* ViewController.h */,
				F2453A592C609A1300DC0F7E /* ViewController.m */,
				F2453A5B2C609A1300DC0F7E /* Main.storyboard */,
				F2453A5E2C609A1400DC0F7E /* Assets.xcassets */,
				F2453A602C609A1400DC0F7E /* LaunchScreen.storyboard */,
				F2453A632C609A1400DC0F7E /* Info.plist */,
				F2453A642C609A1400DC0F7E /* main.m */,
			);
			path = ZiggearRNReproducer;
			sourceTree = "<group>";
		};
		F2453A6D2C609A1400DC0F7E /* ZiggearRNReproducerTests */ = {
			isa = PBXGroup;
			children = (
				F2453A6E2C609A1400DC0F7E /* ZiggearRNReproducerTests.m */,
			);
			path = ZiggearRNReproducerTests;
			sourceTree = "<group>";
		};
		F2453A772C609A1400DC0F7E /* ZiggearRNReproducerUITests */ = {
			isa = PBXGroup;
			children = (
				F2453A782C609A1400DC0F7E /* ZiggearRNReproducerUITests.m */,
				F2453A7A2C609A1400DC0F7E /* ZiggearRNReproducerUITestsLaunchTests.m */,
			);
			path = ZiggearRNReproducerUITests;
			sourceTree = "<group>";
		};
/* End PBXGroup section */

/* Begin PBXNativeTarget section */
		F2453A4E2C609A1300DC0F7E /* ZiggearRNReproducer */ = {
			isa = PBXNativeTarget;
			buildConfigurationList = F2453A7E2C609A1400DC0F7E /* Build configuration list for PBXNativeTarget "ZiggearRNReproducer" */;
			buildPhases = (
				F2453A4B2C609A1300DC0F7E /* Sources */,
				F2453A4C2C609A1300DC0F7E /* Frameworks */,
				F2453A4D2C609A1300DC0F7E /* Resources */,
			);
			buildRules = (
			);
			dependencies = (
			);
			name = ZiggearRNReproducer;
			productName = ZiggearRNReproducer;
			productReference = F2453A4F2C609A1300DC0F7E /* ZiggearRNReproducer.app */;
			productType = "com.apple.product-type.application";
		};
		F2453A692C609A1400DC0F7E /* ZiggearRNReproducerTests */ = {
			isa = PBXNativeTarget;
			buildConfigurationList = F2453A812C609A1400DC0F7E /* Build configuration list for PBXNativeTarget "ZiggearRNReproducerTests" */;
			buildPhases = (
				F2453A662C609A1400DC0F7E /* Sources */,
				F2453A672C609A1400DC0F7E /* Frameworks */,
				F2453A682C609A1400DC0F7E /* Resources */,
			);
			buildRules = (
			);
			dependencies = (
				F2453A6C2C609A1400DC0F7E /* PBXTargetDependency */,
			);
			name = ZiggearRNReproducerTests;
			productName = ZiggearRNReproducerTests;
			productReference = F2453A6A2C609A1400DC0F7E /* ZiggearRNReproducerTests.xctest */;
			productType = "com.apple.product-type.bundle.unit-test";
		};
		F2453A732C609A1400DC0F7E /* ZiggearRNReproducerUITests */ = {
			isa = PBXNativeTarget;
			buildConfigurationList = F2453A842C609A1400DC0F7E /* Build configuration list for PBXNativeTarget "ZiggearRNReproducerUITests" */;
			buildPhases = (
				F2453A702C609A1400DC0F7E /* Sources */,
				F2453A712C609A1400DC0F7E /* Frameworks */,
				F2453A722C609A1400DC0F7E /* Resources */,
			);
			buildRules = (
			);
			dependencies = (
				F2453A762C609A1400DC0F7E /* PBXTargetDependency */,
			);
			name = ZiggearRNReproducerUITests;
			productName = ZiggearRNReproducerUITests;
			productReference = F2453A742C609A1400DC0F7E /* ZiggearRNReproducerUITests.xctest */;
			productType = "com.apple.product-type.bundle.ui-testing";
		};
/* End PBXNativeTarget section */

/* Begin PBXProject section */
		F2453A472C609A1300DC0F7E /* Project object */ = {
			isa = PBXProject;
			attributes = {
				BuildIndependentTargetsInParallel = 1;
				LastUpgradeCheck = 1500;
				TargetAttributes = {
					F2453A4E2C609A1300DC0F7E = {
						CreatedOnToolsVersion = 15.0.1;
					};
					F2453A692C609A1400DC0F7E = {
						CreatedOnToolsVersion = 15.0.1;
						TestTargetID = F2453A4E2C609A1300DC0F7E;
					};
					F2453A732C609A1400DC0F7E = {
						CreatedOnToolsVersion = 15.0.1;
						TestTargetID = F2453A4E2C609A1300DC0F7E;
					};
				};
			};
			buildConfigurationList = F2453A4A2C609A1300DC0F7E /* Build configuration list for PBXProject "ZiggearRNReproducer" */;
			compatibilityVersion = "Xcode 14.0";
			developmentRegion = en;
			hasScannedForEncodings = 0;
			knownRegions = (
				en,
				Base,
			);
			mainGroup = F2453A462C609A1300DC0F7E;
			productRefGroup = F2453A502C609A1300DC0F7E /* Products */;
			projectDirPath = "";
			projectRoot = "";
			targets = (
				F2453A4E2C609A1300DC0F7E /* ZiggearRNReproducer */,
				F2453A692C609A1400DC0F7E /* ZiggearRNReproducerTests */,
				F2453A732C609A1400DC0F7E /* ZiggearRNReproducerUITests */,
			);
		};
/* End PBXProject section */

/* Begin PBXResourcesBuildPhase section */
		F2453A4D2C609A1300DC0F7E /* Resources */ = {
			isa = PBXResourcesBuildPhase;
			buildActionMask = 2147483647;
			files = (
				F2453A622C609A1400DC0F7E /* LaunchScreen.storyboard in Resources */,
				F2453A5F2C609A1400DC0F7E /* Assets.xcassets in Resources */,
				F2453A5D2C609A1300DC0F7E /* Main.storyboard in Resources */,
			);
			runOnlyForDeploymentPostprocessing = 0;
		};
		F2453A682C609A1400DC0F7E /* Resources */ = {
			isa = PBXResourcesBuildPhase;
			buildActionMask = 2147483647;
			files = (
			);
			runOnlyForDeploymentPostprocessing = 0;
		};
		F2453A722C609A1400DC0F7E /* Resources */ = {
			isa = PBXResourcesBuildPhase;
			buildActionMask = 2147483647;
			files = (
			);
			runOnlyForDeploymentPostprocessing = 0;
		};
/* End PBXResourcesBuildPhase section */

/* Begin PBXSourcesBuildPhase section */
		F2453A4B2C609A1300DC0F7E /* Sources */ = {
			isa = PBXSourcesBuildPhase;
			buildActionMask = 2147483647;
			files = (
				F2453A5A2C609A1300DC0F7E /* ViewController.m in Sources */,
				F2453A542C609A1300DC0F7E /* AppDelegate.m in Sources */,
				F2453A652C609A1400DC0F7E /* main.m in Sources */,
				F2453A572C609A1300DC0F7E /* SceneDelegate.m in Sources */,
			);
			runOnlyForDeploymentPostprocessing = 0;
		};
		F2453A662C609A1400DC0F7E /* Sources */ = {
			isa = PBXSourcesBuildPhase;
			buildActionMask = 2147483647;
			files = (
				F2453A6F2C609A1400DC0F7E /* ZiggearRNReproducerTests.m in Sources */,
			);
			runOnlyForDeploymentPostprocessing = 0;
		};
		F2453A702C609A1400DC0F7E /* Sources */ = {
			isa = PBXSourcesBuildPhase;
			buildActionMask = 2147483647;
			files = (
				F2453A792C609A1400DC0F7E /* ZiggearRNReproducerUITests.m in Sources */,
				F2453A7B2C609A1400DC0F7E /* ZiggearRNReproducerUITestsLaunchTests.m in Sources */,
			);
			runOnlyForDeploymentPostprocessing = 0;
		};
/* End PBXSourcesBuildPhase section */

/* Begin PBXTargetDependency section */
		F2453A6C2C609A1400DC0F7E /* PBXTargetDependency */ = {
			isa = PBXTargetDependency;
			target = F2453A4E2C609A1300DC0F7E /* ZiggearRNReproducer */;
			targetProxy = F2453A6B2C609A1400DC0F7E /* PBXContainerItemProxy */;
		};
		F2453A762C609A1400DC0F7E /* PBXTargetDependency */ = {
			isa = PBXTargetDependency;
			target = F2453A4E2C609A1300DC0F7E /* ZiggearRNReproducer */;
			targetProxy = F2453A752C609A1400DC0F7E /* PBXContainerItemProxy */;
		};
/* End PBXTargetDependency section */

/* Begin PBXVariantGroup section */
		F2453A5B2C609A1300DC0F7E /* Main.storyboard */ = {
			isa = PBXVariantGroup;
			children = (
				F2453A5C2C609A1300DC0F7E /* Base */,
			);
			name = Main.storyboard;
			sourceTree = "<group>";
		};
		F2453A602C609A1400DC0F7E /* LaunchScreen.storyboard */ = {
			isa = PBXVariantGroup;
			children = (
				F2453A612C609A1400DC0F7E /* Base */,
			);
			name = LaunchScreen.storyboard;
			sourceTree = "<group>";
		};
/* End PBXVariantGroup section */

/* Begin XCBuildConfiguration section */
		F2453A7C2C609A1400DC0F7E /* Debug */ = {
			isa = XCBuildConfiguration;
			buildSettings = {
				ALWAYS_SEARCH_USER_PATHS = NO;
				ASSETCATALOG_COMPILER_GENERATE_SWIFT_ASSET_SYMBOL_EXTENSIONS = YES;
				CLANG_ANALYZER_NONNULL = YES;
				CLANG_ANALYZER_NUMBER_OBJECT_CONVERSION = YES_AGGRESSIVE;
				CLANG_CXX_LANGUAGE_STANDARD = "gnu++20";
				CLANG_ENABLE_MODULES = YES;
				CLANG_ENABLE_OBJC_ARC = YES;
				CLANG_ENABLE_OBJC_WEAK = YES;
				CLANG_WARN_BLOCK_CAPTURE_AUTORELEASING = YES;
				CLANG_WARN_BOOL_CONVERSION = YES;
				CLANG_WARN_COMMA = YES;
				CLANG_WARN_CONSTANT_CONVERSION = YES;
				CLANG_WARN_DEPRECATED_OBJC_IMPLEMENTATIONS = YES;
				CLANG_WARN_DIRECT_OBJC_ISA_USAGE = YES_ERROR;
				CLANG_WARN_DOCUMENTATION_COMMENTS = YES;
				CLANG_WARN_EMPTY_BODY = YES;
				CLANG_WARN_ENUM_CONVERSION = YES;
				CLANG_WARN_INFINITE_RECURSION = YES;
				CLANG_WARN_INT_CONVERSION = YES;
				CLANG_WARN_NON_LITERAL_NULL_CONVERSION = YES;
				CLANG_WARN_OBJC_IMPLICIT_RETAIN_SELF = YES;
				CLANG_WARN_OBJC_LITERAL_CONVERSION = YES;
				CLANG_WARN_OBJC_ROOT_CLASS = YES_ERROR;
				CLANG_WARN_QUOTED_INCLUDE_IN_FRAMEWORK_HEADER = YES;
				CLANG_WARN_RANGE_LOOP_ANALYSIS = YES;
				CLANG_WARN_STRICT_PROTOTYPES = YES;
				CLANG_WARN_SUSPICIOUS_MOVE = YES;
				CLANG_WARN_UNGUARDED_AVAILABILITY = YES_AGGRESSIVE;
				CLANG_WARN_UNREACHABLE_CODE = YES;
				CLANG_WARN__DUPLICATE_METHOD_MATCH = YES;
				COPY_PHASE_STRIP = NO;
				DEBUG_INFORMATION_FORMAT = dwarf;
				ENABLE_STRICT_OBJC_MSGSEND = YES;
				ENABLE_TESTABILITY = YES;
				ENABLE_USER_SCRIPT_SANDBOXING = YES;
				GCC_C_LANGUAGE_STANDARD = gnu17;
				GCC_DYNAMIC_NO_PIC = NO;
				GCC_NO_COMMON_BLOCKS = YES;
				GCC_OPTIMIZATION_LEVEL = 0;
				GCC_PREPROCESSOR_DEFINITIONS = (
					"DEBUG=1",
					"$(inherited)",
				);
				GCC_WARN_64_TO_32_BIT_CONVERSION = YES;
				GCC_WARN_ABOUT_RETURN_TYPE = YES_ERROR;
				GCC_WARN_UNDECLARED_SELECTOR = YES;
				GCC_WARN_UNINITIALIZED_AUTOS = YES_AGGRESSIVE;
				GCC_WARN_UNUSED_FUNCTION = YES;
				GCC_WARN_UNUSED_VARIABLE = YES;
				IPHONEOS_DEPLOYMENT_TARGET = 17.0;
				LOCALIZATION_PREFERS_STRING_CATALOGS = YES;
				MTL_ENABLE_DEBUG_INFO = INCLUDE_SOURCE;
				MTL_FAST_MATH = YES;
				ONLY_ACTIVE_ARCH = YES;
				SDKROOT = iphoneos;
			};
			name = Debug;
		};
		F2453A7D2C609A1400DC0F7E /* Release */ = {
			isa = XCBuildConfiguration;
			buildSettings = {
				ALWAYS_SEARCH_USER_PATHS = NO;
				ASSETCATALOG_COMPILER_GENERATE_SWIFT_ASSET_SYMBOL_EXTENSIONS = YES;
				CLANG_ANALYZER_NONNULL = YES;
				CLANG_ANALYZER_NUMBER_OBJECT_CONVERSION = YES_AGGRESSIVE;
				CLANG_CXX_LANGUAGE_STANDARD = "gnu++20";
				CLANG_ENABLE_MODULES = YES;
				CLANG_ENABLE_OBJC_ARC = YES;
				CLANG_ENABLE_OBJC_WEAK = YES;
				CLANG_WARN_BLOCK_CAPTURE_AUTORELEASING = YES;
				CLANG_WARN_BOOL_CONVERSION = YES;
				CLANG_WARN_COMMA = YES;
				CLANG_WARN_CONSTANT_CONVERSION = YES;
				CLANG_WARN_DEPRECATED_OBJC_IMPLEMENTATIONS = YES;
				CLANG_WARN_DIRECT_OBJC_ISA_USAGE = YES_ERROR;
				CLANG_WARN_DOCUMENTATION_COMMENTS = YES;
				CLANG_WARN_EMPTY_BODY = YES;
				CLANG_WARN_ENUM_CONVERSION = YES;
				CLANG_WARN_INFINITE_RECURSION = YES;
				CLANG_WARN_INT_CONVERSION = YES;
				CLANG_WARN_NON_LITERAL_NULL_CONVERSION = YES;
				CLANG_WARN_OBJC_IMPLICIT_RETAIN_SELF = YES;
				CLANG_WARN_OBJC_LITERAL_CONVERSION = YES;
				CLANG_WARN_OBJC_ROOT_CLASS = YES_ERROR;
				CLANG_WARN_QUOTED_INCLUDE_IN_FRAMEWORK_HEADER = YES;
				CLANG_WARN_RANGE_LOOP_ANALYSIS = YES;
				CLANG_WARN_STRICT_PROTOTYPES = YES;
				CLANG_WARN_SUSPICIOUS_MOVE = YES;
				CLANG_WARN_UNGUARDED_AVAILABILITY = YES_AGGRESSIVE;
				CLANG_WARN_UNREACHABLE_CODE = YES;
				CLANG_WARN__DUPLICATE_METHOD_MATCH = YES;
				COPY_PHASE_STRIP = NO;
				DEBUG_INFORMATION_FORMAT = "dwarf-with-dsym";
				ENABLE_NS_ASSERTIONS = NO;
				ENABLE_STRICT_OBJC_MSGSEND = YES;
				ENABLE_USER_SCRIPT_SANDBOXING = YES;
				GCC_C_LANGUAGE_STANDARD = gnu17;
				GCC_NO_COMMON_BLOCKS = YES;
				GCC_WARN_64_TO_32_BIT_CONVERSION = YES;
				GCC_WARN_ABOUT_RETURN_TYPE = YES_ERROR;
				GCC_WARN_UNDECLARED_SELECTOR = YES;
				GCC_WARN_UNINITIALIZED_AUTOS = YES_AGGRESSIVE;
				GCC_WARN_UNUSED_FUNCTION = YES;
				GCC_WARN_UNUSED_VARIABLE = YES;
				IPHONEOS_DEPLOYMENT_TARGET = 17.0;
				LOCALIZATION_PREFERS_STRING_CATALOGS = YES;
				MTL_ENABLE_DEBUG_INFO = NO;
				MTL_FAST_MATH = YES;
				SDKROOT = iphoneos;
				VALIDATE_PRODUCT = YES;
			};
			name = Release;
		};
		F2453A7F2C609A1400DC0F7E /* Debug */ = {
			isa = XCBuildConfiguration;
			buildSettings = {
				ASSETCATALOG_COMPILER_APPICON_NAME = AppIcon;
				ASSETCATALOG_COMPILER_GLOBAL_ACCENT_COLOR_NAME = AccentColor;
				CODE_SIGN_STYLE = Automatic;
				CURRENT_PROJECT_VERSION = 1;
				DEVELOPMENT_TEAM = 78GTTN5WNP;
				GENERATE_INFOPLIST_FILE = YES;
				INFOPLIST_FILE = ZiggearRNReproducer/Info.plist;
				INFOPLIST_KEY_UIApplicationSupportsIndirectInputEvents = YES;
				INFOPLIST_KEY_UILaunchStoryboardName = LaunchScreen;
				INFOPLIST_KEY_UIMainStoryboardFile = Main;
				INFOPLIST_KEY_UISupportedInterfaceOrientations_iPad = "UIInterfaceOrientationPortrait UIInterfaceOrientationPortraitUpsideDown UIInterfaceOrientationLandscapeLeft UIInterfaceOrientationLandscapeRight";
				INFOPLIST_KEY_UISupportedInterfaceOrientations_iPhone = "UIInterfaceOrientationPortrait UIInterfaceOrientationLandscapeLeft UIInterfaceOrientationLandscapeRight";
				LD_RUNPATH_SEARCH_PATHS = (
					"$(inherited)",
					"@executable_path/Frameworks",
				);
				MARKETING_VERSION = 1.0;
				PRODUCT_BUNDLE_IDENTIFIER = com.ziggear.ZiggearRNReproducer;
				PRODUCT_NAME = "$(TARGET_NAME)";
				SWIFT_EMIT_LOC_STRINGS = YES;
				TARGETED_DEVICE_FAMILY = "1,2";
			};
			name = Debug;
		};
		F2453A802C609A1400DC0F7E /* Release */ = {
			isa = XCBuildConfiguration;
			buildSettings = {
				ASSETCATALOG_COMPILER_APPICON_NAME = AppIcon;
				ASSETCATALOG_COMPILER_GLOBAL_ACCENT_COLOR_NAME = AccentColor;
				CODE_SIGN_STYLE = Automatic;
				CURRENT_PROJECT_VERSION = 1;
				DEVELOPMENT_TEAM = 78GTTN5WNP;
				GENERATE_INFOPLIST_FILE = YES;
				INFOPLIST_FILE = ZiggearRNReproducer/Info.plist;
				INFOPLIST_KEY_UIApplicationSupportsIndirectInputEvents = YES;
				INFOPLIST_KEY_UILaunchStoryboardName = LaunchScreen;
				INFOPLIST_KEY_UIMainStoryboardFile = Main;
				INFOPLIST_KEY_UISupportedInterfaceOrientations_iPad = "UIInterfaceOrientationPortrait UIInterfaceOrientationPortraitUpsideDown UIInterfaceOrientationLandscapeLeft UIInterfaceOrientationLandscapeRight";
				INFOPLIST_KEY_UISupportedInterfaceOrientations_iPhone = "UIInterfaceOrientationPortrait UIInterfaceOrientationLandscapeLeft UIInterfaceOrientationLandscapeRight";
				LD_RUNPATH_SEARCH_PATHS = (
					"$(inherited)",
					"@executable_path/Frameworks",
				);
				MARKETING_VERSION = 1.0;
				PRODUCT_BUNDLE_IDENTIFIER = com.ziggear.ZiggearRNReproducer;
				PRODUCT_NAME = "$(TARGET_NAME)";
				SWIFT_EMIT_LOC_STRINGS = YES;
				TARGETED_DEVICE_FAMILY = "1,2";
			};
			name = Release;
		};
		F2453A822C609A1400DC0F7E /* Debug */ = {
			isa = XCBuildConfiguration;
			buildSettings = {
				BUNDLE_LOADER = "$(TEST_HOST)";
				CODE_SIGN_STYLE = Automatic;
				CURRENT_PROJECT_VERSION = 1;
				DEVELOPMENT_TEAM = 78GTTN5WNP;
				GENERATE_INFOPLIST_FILE = YES;
				IPHONEOS_DEPLOYMENT_TARGET = 17.0;
				MARKETING_VERSION = 1.0;
				PRODUCT_BUNDLE_IDENTIFIER = com.ziggear.ZiggearRNReproducerTests;
				PRODUCT_NAME = "$(TARGET_NAME)";
				SWIFT_EMIT_LOC_STRINGS = NO;
				TARGETED_DEVICE_FAMILY = "1,2";
				TEST_HOST = "$(BUILT_PRODUCTS_DIR)/ZiggearRNReproducer.app/$(BUNDLE_EXECUTABLE_FOLDER_PATH)/ZiggearRNReproducer";
			};
			name = Debug;
		};
		F2453A832C609A1400DC0F7E /* Release */ = {
			isa = XCBuildConfiguration;
			buildSettings = {
				BUNDLE_LOADER = "$(TEST_HOST)";
				CODE_SIGN_STYLE = Automatic;
				CURRENT_PROJECT_VERSION = 1;
				DEVELOPMENT_TEAM = 78GTTN5WNP;
				GENERATE_INFOPLIST_FILE = YES;
				IPHONEOS_DEPLOYMENT_TARGET = 17.0;
				MARKETING_VERSION = 1.0;
				PRODUCT_BUNDLE_IDENTIFIER = com.ziggear.ZiggearRNReproducerTests;
				PRODUCT_NAME = "$(TARGET_NAME)";
				SWIFT_EMIT_LOC_STRINGS = NO;
				TARGETED_DEVICE_FAMILY = "1,2";
				TEST_HOST = "$(BUILT_PRODUCTS_DIR)/ZiggearRNReproducer.app/$(BUNDLE_EXECUTABLE_FOLDER_PATH)/ZiggearRNReproducer";
			};
			name = Release;
		};
		F2453A852C609A1400DC0F7E /* Debug */ = {
			isa = XCBuildConfiguration;
			buildSettings = {
				CODE_SIGN_STYLE = Automatic;
				CURRENT_PROJECT_VERSION = 1;
				DEVELOPMENT_TEAM = 78GTTN5WNP;
				GENERATE_INFOPLIST_FILE = YES;
				MARKETING_VERSION = 1.0;
				PRODUCT_BUNDLE_IDENTIFIER = com.ziggear.ZiggearRNReproducerUITests;
				PRODUCT_NAME = "$(TARGET_NAME)";
				SWIFT_EMIT_LOC_STRINGS = NO;
				TARGETED_DEVICE_FAMILY = "1,2";
				TEST_TARGET_NAME = ZiggearRNReproducer;
			};
			name = Debug;
		};
		F2453A862C609A1400DC0F7E /* Release */ = {
			isa = XCBuildConfiguration;
			buildSettings = {
				CODE_SIGN_STYLE = Automatic;
				CURRENT_PROJECT_VERSION = 1;
				DEVELOPMENT_TEAM = 78GTTN5WNP;
				GENERATE_INFOPLIST_FILE = YES;
				MARKETING_VERSION = 1.0;
				PRODUCT_BUNDLE_IDENTIFIER = com.ziggear.ZiggearRNReproducerUITests;
				PRODUCT_NAME = "$(TARGET_NAME)";
				SWIFT_EMIT_LOC_STRINGS = NO;
				TARGETED_DEVICE_FAMILY = "1,2";
				TEST_TARGET_NAME = ZiggearRNReproducer;
			};
			name = Release;
		};
/* End XCBuildConfiguration section */

/* Begin XCConfigurationList section */
		F2453A4A2C609A1300DC0F7E /* Build configuration list for PBXProject "ZiggearRNReproducer" */ = {
			isa = XCConfigurationList;
			buildConfigurations = (
				F2453A7C2C609A1400DC0F7E /* Debug */,
				F2453A7D2C609A1400DC0F7E /* Release */,
			);
			defaultConfigurationIsVisible = 0;
			defaultConfigurationName = Release;
		};
		F2453A7E2C609A1400DC0F7E /* Build configuration list for PBXNativeTarget "ZiggearRNReproducer" */ = {
			isa = XCConfigurationList;
			buildConfigurations = (
				F2453A7F2C609A1400DC0F7E /* Debug */,
				F2453A802C609A1400DC0F7E /* Release */,
			);
			defaultConfigurationIsVisible = 0;
			defaultConfigurationName = Release;
		};
		F2453A812C609A1400DC0F7E /* Build configuration list for PBXNativeTarget "ZiggearRNReproducerTests" */ = {
			isa = XCConfigurationList;
			buildConfigurations = (
				F2453A822C609A1400DC0F7E /* Debug */,
				F2453A832C609A1400DC0F7E /* Release */,
			);
			defaultConfigurationIsVisible = 0;
			defaultConfigurationName = Release;
		};
		F2453A842C609A1400DC0F7E /* Build configuration list for PBXNativeTarget "ZiggearRNReproducerUITests" */ = {
			isa = XCConfigurationList;
			buildConfigurations = (
				F2453A852C609A1400DC0F7E /* Debug */,
				F2453A862C609A1400DC0F7E /* Release */,
			);
			defaultConfigurationIsVisible = 0;
			defaultConfigurationName = Release;
		};
/* End XCConfigurationList section */
	};
	rootObject = F2453A472C609A1300DC0F7E /* Project object */;
}
